
Microsoft Visual Studio Solution File, Format Version 12.00
# Visual Studio Version 16
VisualStudioVersion = 16.0.31112.23
MinimumVisualStudioVersion = 10.0.40219.1
Project("{FAE04EC0-301F-11D3-BF4B-00C04F79EFBC}") = "TesteCovid.UI", "TesteCovid.UI\TesteCovid.UI.csproj", "{9328FBCF-4257-4E37-871D-86964B5328E5}"
EndProject
Global
	GlobalSection(SolutionConfigurationPlatforms) = preSolution
		Debug|Any CPU = Debug|Any CPU
		Release|Any CPU = Release|Any CPU
	EndGlobalSection
	GlobalSection(ProjectConfigurationPlatforms) = postSolution
		{9328FBCF-4257-4E37-871D-86964B5328E5}.Debug|Any CPU.ActiveCfg = Debug|Any CPU
		{9328FBCF-4257-4E37-871D-86964B5328E5}.Debug|Any CPU.Build.0 = Debug|Any CPU
		{9328FBCF-4257-4E37-871D-86964B5328E5}.Release|Any CPU.ActiveCfg = Release|Any CPU
		{9328FBCF-4257-4E37-871D-86964B5328E5}.Release|Any CPU.Build.0 = Release|Any CPU
	EndGlobalSection
	GlobalSection(SolutionProperties) = preSolution
		HideSolutionNode = FALSE
	EndGlobalSection
	GlobalSection(ExtensibilityGlobals) = postSolution
		SolutionGuid = {30AB8452-BF80-4B8A-990B-8CA4D2870FF7}
	EndGlobalSection
EndGlobal
